{
    "version": 3,
    "terraform_version": "0.11.11",
    "serial": 5,
    "lineage": "9aa79a5a-9a70-d133-eb03-5cda98d00ce1",
    "modules": [
        {
            "path": [
                "root"
            ],
            "outputs": {},
            "resources": {
                "aws_spot_instance_request.SpotInstance": {
                    "type": "aws_spot_instance_request",
                    "depends_on": [],
                    "primary": {
                        "id": "sir-d3m8pbrp",
                        "attributes": {
                            "ami": "ami-059703949673c59ef",
                            "block_duration_minutes": "0",
                            "ebs_block_device.#": "0",
                            "ephemeral_block_device.#": "0",
                            "get_password_data": "false",
                            "id": "sir-d3m8pbrp",
                            "instance_interruption_behaviour": "terminate",
                            "instance_type": "m5.large",
                            "launch_group": "",
                            "network_interface.#": "0",
                            "security_groups.#": "0",
                            "source_dest_check": "true",
                            "spot_bid_status": "pending-evaluation",
                            "spot_price": "0.13",
                            "spot_request_state": "open",
                            "spot_type": "persistent",
                            "tags.%": "1",
                            "tags.Name": "SpotInstance",
                            "valid_from": "0001-01-01T00:00:00Z",
                            "valid_until": "0001-01-01T00:00:00Z",
                            "vpc_security_group_ids.#": "0",
                            "wait_for_fulfillment": "false"
                        },
                        "meta": {
                            "e2bfb730-ecaa-11e6-8f88-34363bc7c4c0": {
                                "create": 600000000000,
                                "delete": 1200000000000
                            }
                        },
                        "tainted": false
                    },
                    "deposed": [],
                    "provider": "provider.aws"
                }
            },
            "depends_on": []
        }
    ]
}
