{
    "version": 3,
    "terraform_version": "0.11.11",
    "serial": 3,
    "lineage": "69d6ea3a-64b1-da61-ed73-7bb7b5602be8",
    "modules": [
        {
            "path": [
                "root"
            ],
            "outputs": {},
            "resources": {
                "aws_ebs_volume.ebs-volume-1": {
                    "type": "aws_ebs_volume",
                    "depends_on": [],
                    "primary": {
                        "id": "vol-0b3724c59655aaa1d",
                        "attributes": {
                            "arn": "arn:aws:ec2:eu-west-1:655968359766:volume/vol-0b3724c59655aaa1d",
                            "availability_zone": "eu-west-1a",
                            "encrypted": "false",
                            "id": "vol-0b3724c59655aaa1d",
                            "iops": "100",
                            "kms_key_id": "",
                            "size": "20",
                            "snapshot_id": "",
                            "tags.%": "1",
                            "tags.Name": "extra volume data",
                            "type": "gp2"
                        },
                        "meta": {},
                        "tainted": false
                    },
                    "deposed": [],
                    "provider": "provider.aws"
                },
                "aws_ec2_transit_gateway_vpc_attachment.VPC-Attachment": {
                    "type": "aws_ec2_transit_gateway_vpc_attachment",
                    "depends_on": [
                        "aws_subnet.main-public-1",
                        "aws_vpc.main"
                    ],
                    "primary": {
                        "id": "tgw-attach-048a64b21e42bfa83",
                        "attributes": {
                            "dns_support": "enable",
                            "id": "tgw-attach-048a64b21e42bfa83",
                            "ipv6_support": "disable",
                            "subnet_ids.#": "1",
                            "subnet_ids.4029509395": "subnet-0af58b66c7d595476",
                            "tags.%": "0",
                            "transit_gateway_default_route_table_association": "false",
                            "transit_gateway_default_route_table_propagation": "false",
                            "transit_gateway_id": "tgw-05d8b7738ac0c2a02",
                            "vpc_id": "vpc-0400ee73bd8a12ee2",
                            "vpc_owner_id": "655968359766"
                        },
                        "meta": {},
                        "tainted": false
                    },
                    "deposed": [],
                    "provider": "provider.aws"
                },
                "aws_route_table.main-public": {
                    "type": "aws_route_table",
                    "depends_on": [
                        "aws_vpc.main"
                    ],
                    "primary": {
                        "id": "rtb-0d18fb1a4b2fa9589",
                        "attributes": {
                            "id": "rtb-0d18fb1a4b2fa9589",
                            "owner_id": "655968359766",
                            "propagating_vgws.#": "0",
                            "route.#": "1",
                            "route.3053427727.cidr_block": "0.0.0.0/0",
                            "route.3053427727.egress_only_gateway_id": "",
                            "route.3053427727.gateway_id": "",
                            "route.3053427727.instance_id": "",
                            "route.3053427727.ipv6_cidr_block": "",
                            "route.3053427727.nat_gateway_id": "",
                            "route.3053427727.network_interface_id": "",
                            "route.3053427727.transit_gateway_id": "tgw-05d8b7738ac0c2a02",
                            "route.3053427727.vpc_peering_connection_id": "",
                            "tags.%": "1",
                            "tags.Name": "main-public-1",
                            "vpc_id": "vpc-0400ee73bd8a12ee2"
                        },
                        "meta": {},
                        "tainted": false
                    },
                    "deposed": [],
                    "provider": "provider.aws"
                },
                "aws_route_table_association.main-public-1-a": {
                    "type": "aws_route_table_association",
                    "depends_on": [
                        "aws_route_table.main-public",
                        "aws_subnet.main-public-1"
                    ],
                    "primary": {
                        "id": "rtbassoc-08aa75d0598cff573",
                        "attributes": {
                            "id": "rtbassoc-08aa75d0598cff573",
                            "route_table_id": "rtb-0d18fb1a4b2fa9589",
                            "subnet_id": "subnet-0af58b66c7d595476"
                        },
                        "meta": {},
                        "tainted": false
                    },
                    "deposed": [],
                    "provider": "provider.aws"
                },
                "aws_security_group.allow-ssh": {
                    "type": "aws_security_group",
                    "depends_on": [
                        "aws_vpc.main"
                    ],
                    "primary": {
                        "id": "sg-021ba0b209494c1e7",
                        "attributes": {
                            "arn": "arn:aws:ec2:eu-west-1:655968359766:security-group/sg-021ba0b209494c1e7",
                            "description": "security group that allows ssh and all egress traffic",
                            "egress.#": "1",
                            "egress.482069346.cidr_blocks.#": "1",
                            "egress.482069346.cidr_blocks.0": "0.0.0.0/0",
                            "egress.482069346.description": "",
                            "egress.482069346.from_port": "0",
                            "egress.482069346.ipv6_cidr_blocks.#": "0",
                            "egress.482069346.prefix_list_ids.#": "0",
                            "egress.482069346.protocol": "-1",
                            "egress.482069346.security_groups.#": "0",
                            "egress.482069346.self": "false",
                            "egress.482069346.to_port": "0",
                            "id": "sg-021ba0b209494c1e7",
                            "ingress.#": "1",
                            "ingress.2541437006.cidr_blocks.#": "1",
                            "ingress.2541437006.cidr_blocks.0": "0.0.0.0/0",
                            "ingress.2541437006.description": "",
                            "ingress.2541437006.from_port": "22",
                            "ingress.2541437006.ipv6_cidr_blocks.#": "0",
                            "ingress.2541437006.prefix_list_ids.#": "0",
                            "ingress.2541437006.protocol": "tcp",
                            "ingress.2541437006.security_groups.#": "0",
                            "ingress.2541437006.self": "false",
                            "ingress.2541437006.to_port": "22",
                            "name": "allow-ssh",
                            "owner_id": "655968359766",
                            "revoke_rules_on_delete": "false",
                            "tags.%": "1",
                            "tags.Name": "allow-ssh",
                            "vpc_id": "vpc-0400ee73bd8a12ee2"
                        },
                        "meta": {
                            "e2bfb730-ecaa-11e6-8f88-34363bc7c4c0": {
                                "create": 600000000000,
                                "delete": 600000000000
                            },
                            "schema_version": "1"
                        },
                        "tainted": false
                    },
                    "deposed": [],
                    "provider": "provider.aws"
                },
                "aws_subnet.main-private-1": {
                    "type": "aws_subnet",
                    "depends_on": [
                        "aws_vpc.main"
                    ],
                    "primary": {
                        "id": "subnet-05ff887a370d04623",
                        "attributes": {
                            "arn": "arn:aws:ec2:eu-west-1:655968359766:subnet/subnet-05ff887a370d04623",
                            "assign_ipv6_address_on_creation": "false",
                            "availability_zone": "eu-west-1a",
                            "availability_zone_id": "euw1-az3",
                            "cidr_block": "10.192.17.32/27",
                            "id": "subnet-05ff887a370d04623",
                            "ipv6_cidr_block": "",
                            "ipv6_cidr_block_association_id": "",
                            "map_public_ip_on_launch": "false",
                            "owner_id": "655968359766",
                            "tags.%": "1",
                            "tags.Name": "main-private-1",
                            "vpc_id": "vpc-0400ee73bd8a12ee2"
                        },
                        "meta": {
                            "e2bfb730-ecaa-11e6-8f88-34363bc7c4c0": {
                                "create": 600000000000,
                                "delete": 600000000000
                            },
                            "schema_version": "1"
                        },
                        "tainted": false
                    },
                    "deposed": [],
                    "provider": "provider.aws"
                },
                "aws_subnet.main-public-1": {
                    "type": "aws_subnet",
                    "depends_on": [
                        "aws_vpc.main"
                    ],
                    "primary": {
                        "id": "subnet-0af58b66c7d595476",
                        "attributes": {
                            "arn": "arn:aws:ec2:eu-west-1:655968359766:subnet/subnet-0af58b66c7d595476",
                            "assign_ipv6_address_on_creation": "false",
                            "availability_zone": "eu-west-1a",
                            "availability_zone_id": "euw1-az3",
                            "cidr_block": "10.192.17.0/27",
                            "id": "subnet-0af58b66c7d595476",
                            "ipv6_cidr_block": "",
                            "ipv6_cidr_block_association_id": "",
                            "map_public_ip_on_launch": "false",
                            "owner_id": "655968359766",
                            "tags.%": "1",
                            "tags.Name": "main-public-1",
                            "vpc_id": "vpc-0400ee73bd8a12ee2"
                        },
                        "meta": {
                            "e2bfb730-ecaa-11e6-8f88-34363bc7c4c0": {
                                "create": 600000000000,
                                "delete": 600000000000
                            },
                            "schema_version": "1"
                        },
                        "tainted": false
                    },
                    "deposed": [],
                    "provider": "provider.aws"
                },
                "aws_vpc.main": {
                    "type": "aws_vpc",
                    "depends_on": [],
                    "primary": {
                        "id": "vpc-0400ee73bd8a12ee2",
                        "attributes": {
                            "arn": "arn:aws:ec2:eu-west-1:655968359766:vpc/vpc-0400ee73bd8a12ee2",
                            "assign_generated_ipv6_cidr_block": "false",
                            "cidr_block": "10.192.17.0/26",
                            "default_network_acl_id": "acl-07ab78f14df3a7f42",
                            "default_route_table_id": "rtb-089051505f54dc3ec",
                            "default_security_group_id": "sg-0f85ddec6791862ec",
                            "dhcp_options_id": "dopt-a0a4ccc6",
                            "enable_classiclink": "false",
                            "enable_classiclink_dns_support": "false",
                            "enable_dns_hostnames": "true",
                            "enable_dns_support": "true",
                            "id": "vpc-0400ee73bd8a12ee2",
                            "instance_tenancy": "default",
                            "ipv6_association_id": "",
                            "ipv6_cidr_block": "",
                            "main_route_table_id": "rtb-089051505f54dc3ec",
                            "owner_id": "655968359766",
                            "tags.%": "1",
                            "tags.Name": "main"
                        },
                        "meta": {
                            "schema_version": "1"
                        },
                        "tainted": false
                    },
                    "deposed": [],
                    "provider": "provider.aws"
                }
            },
            "depends_on": []
        }
    ]
}
